
Microsoft Visual Studio Solution File, Format Version 12.00
# Visual Studio 15
VisualStudioVersion = 15.0.27130.2003
MinimumVisualStudioVersion = 10.0.40219.1
Project("{FAE04EC0-301F-11D3-BF4B-00C04F79EFBC}") = "ChrisCakes", "ChrisCakes\ChrisCakes.csproj", "{C2B0A23B-C84F-46FA-BEC1-1A687BD5EEBF}"
EndProject
Global
	GlobalSection(SolutionConfigurationPlatforms) = preSolution
		Debug|Any CPU = Debug|Any CPU
		Release|Any CPU = Release|Any CPU
	EndGlobalSection
	GlobalSection(ProjectConfigurationPlatforms) = postSolution
		{C2B0A23B-C84F-46FA-BEC1-1A687BD5EEBF}.Debug|Any CPU.ActiveCfg = Debug|Any CPU
		{C2B0A23B-C84F-46FA-BEC1-1A687BD5EEBF}.Debug|Any CPU.Build.0 = Debug|Any CPU
		{C2B0A23B-C84F-46FA-BEC1-1A687BD5EEBF}.Release|Any CPU.ActiveCfg = Release|Any CPU
		{C2B0A23B-C84F-46FA-BEC1-1A687BD5EEBF}.Release|Any CPU.Build.0 = Release|Any CPU
	EndGlobalSection
	GlobalSection(SolutionProperties) = preSolution
		HideSolutionNode = FALSE
	EndGlobalSection
	GlobalSection(ExtensibilityGlobals) = postSolution
		SolutionGuid = {8FC9ADFA-4612-4174-8457-21B77714CE8B}
	EndGlobalSection
EndGlobal
